// !$*UTF8*$!
{
	archiveVersion = 1;
	classes = {
	};
	objectVersion = 50;
	objects = {

/* Begin PBXBuildFile section */
		4E26CDBA25A3D5520069A40E /* Comfortaa-VariableFont_wght.ttf in Resources */ = {isa = PBXBuildFile; fileRef = 4E26CDBC25A3D5520069A40E /* Comfortaa-VariableFont_wght.ttf */; };
		4E26CDBF25A48E4B0069A40E /* InfoView.swift in Sources */ = {isa = PBXBuildFile; fileRef = 4E26CDBE25A48E4B0069A40E /* InfoView.swift */; };
		4E26CDC325A491D10069A40E /* BusinessCardView.swift in Sources */ = {isa = PBXBuildFile; fileRef = 4E26CDC225A491D10069A40E /* BusinessCardView.swift */; };
		4E26CDD325A4AAEE0069A40E /* DiceGameUIView.swift in Sources */ = {isa = PBXBuildFile; fileRef = 4E26CDD225A4AAEE0069A40E /* DiceGameUIView.swift */; };
		4E26CDD825A4D5F10069A40E /* HackNews.swift in Sources */ = {isa = PBXBuildFile; fileRef = 4E26CDD725A4D5F10069A40E /* HackNews.swift */; };
		4E26CDDC25A4DAA80069A40E /* NetworkManager.swift in Sources */ = {isa = PBXBuildFile; fileRef = 4E26CDDB25A4DAA80069A40E /* NetworkManager.swift */; };
		4E26CDE025A4DBFF0069A40E /* PostData.swift in Sources */ = {isa = PBXBuildFile; fileRef = 4E26CDDF25A4DBFF0069A40E /* PostData.swift */; };
		4E26CDE325A4E3200069A40E /* DetailView.swift in Sources */ = {isa = PBXBuildFile; fileRef = 4E26CDE225A4E3200069A40E /* DetailView.swift */; };
		4E26CDE625A4E7C70069A40E /* WebView.swift in Sources */ = {isa = PBXBuildFile; fileRef = 4E26CDE525A4E7C70069A40E /* WebView.swift */; };
		4EC4340625A376B600796A59 /* LearnSwiftUIApp.swift in Sources */ = {isa = PBXBuildFile; fileRef = 4EC4340525A376B600796A59 /* LearnSwiftUIApp.swift */; };
		4EC4340825A376B600796A59 /* ContentView.swift in Sources */ = {isa = PBXBuildFile; fileRef = 4EC4340725A376B600796A59 /* ContentView.swift */; };
		4EC4340A25A376BC00796A59 /* Assets.xcassets in Resources */ = {isa = PBXBuildFile; fileRef = 4EC4340925A376BC00796A59 /* Assets.xcassets */; };
		4EC4340D25A376BC00796A59 /* Preview Assets.xcassets in Resources */ = {isa = PBXBuildFile; fileRef = 4EC4340C25A376BC00796A59 /* Preview Assets.xcassets */; };
/* End PBXBuildFile section */

/* Begin PBXFileReference section */
		4E26CDBB25A3D5520069A40E /* Base */ = {isa = PBXFileReference; lastKnownFileType = file; name = Base; path = "Base.lproj/Comfortaa-VariableFont_wght.ttf"; sourceTree = "<group>"; };
		4E26CDBE25A48E4B0069A40E /* InfoView.swift */ = {isa = PBXFileReference; lastKnownFileType = sourcecode.swift; path = InfoView.swift; sourceTree = "<group>"; };
		4E26CDC225A491D10069A40E /* BusinessCardView.swift */ = {isa = PBXFileReference; lastKnownFileType = sourcecode.swift; path = BusinessCardView.swift; sourceTree = "<group>"; };
		4E26CDD225A4AAEE0069A40E /* DiceGameUIView.swift */ = {isa = PBXFileReference; lastKnownFileType = sourcecode.swift; path = DiceGameUIView.swift; sourceTree = "<group>"; };
		4E26CDD725A4D5F10069A40E /* HackNews.swift */ = {isa = PBXFileReference; lastKnownFileType = sourcecode.swift; path = HackNews.swift; sourceTree = "<group>"; };
		4E26CDDB25A4DAA80069A40E /* NetworkManager.swift */ = {isa = PBXFileReference; lastKnownFileType = sourcecode.swift; path = NetworkManager.swift; sourceTree = "<group>"; };
		4E26CDDF25A4DBFF0069A40E /* PostData.swift */ = {isa = PBXFileReference; lastKnownFileType = sourcecode.swift; path = PostData.swift; sourceTree = "<group>"; };
		4E26CDE225A4E3200069A40E /* DetailView.swift */ = {isa = PBXFileReference; lastKnownFileType = sourcecode.swift; path = DetailView.swift; sourceTree = "<group>"; };
		4E26CDE525A4E7C70069A40E /* WebView.swift */ = {isa = PBXFileReference; lastKnownFileType = sourcecode.swift; path = WebView.swift; sourceTree = "<group>"; };
		4EC4340225A376B600796A59 /* LearnSwiftUI.app */ = {isa = PBXFileReference; explicitFileType = wrapper.application; includeInIndex = 0; path = LearnSwiftUI.app; sourceTree = BUILT_PRODUCTS_DIR; };
		4EC4340525A376B600796A59 /* LearnSwiftUIApp.swift */ = {isa = PBXFileReference; lastKnownFileType = sourcecode.swift; path = LearnSwiftUIApp.swift; sourceTree = "<group>"; };
		4EC4340725A376B600796A59 /* ContentView.swift */ = {isa = PBXFileReference; lastKnownFileType = sourcecode.swift; path = ContentView.swift; sourceTree = "<group>"; };
		4EC4340925A376BC00796A59 /* Assets.xcassets */ = {isa = PBXFileReference; lastKnownFileType = folder.assetcatalog; path = Assets.xcassets; sourceTree = "<group>"; };
		4EC4340C25A376BC00796A59 /* Preview Assets.xcassets */ = {isa = PBXFileReference; lastKnownFileType = folder.assetcatalog; path = "Preview Assets.xcassets"; sourceTree = "<group>"; };
		4EC4340E25A376BC00796A59 /* Info.plist */ = {isa = PBXFileReference; lastKnownFileType = text.plist.xml; path = Info.plist; sourceTree = "<group>"; };
/* End PBXFileReference section */

/* Begin PBXFrameworksBuildPhase section */
		4EC433FF25A376B600796A59 /* Frameworks */ = {
			isa = PBXFrameworksBuildPhase;
			buildActionMask = 2147483647;
			files = (
			);
			runOnlyForDeploymentPostprocessing = 0;
		};
/* End PBXFrameworksBuildPhase section */

/* Begin PBXGroup section */
		4E26CD9E25A3C95B0069A40E /* Fonts */ = {
			isa = PBXGroup;
			children = (
				4E26CDBC25A3D5520069A40E /* Comfortaa-VariableFont_wght.ttf */,
			);
			path = Fonts;
			sourceTree = "<group>";
		};
		4E26CDC625A494F80069A40E /* BusinessCardView */ = {
			isa = PBXGroup;
			children = (
				4E26CDC225A491D10069A40E /* BusinessCardView.swift */,
				4E26CDBE25A48E4B0069A40E /* InfoView.swift */,
			);
			path = BusinessCardView;
			sourceTree = "<group>";
		};
		4E26CDD025A4A8990069A40E /* Dice Game */ = {
			isa = PBXGroup;
			children = (
				4E26CDD225A4AAEE0069A40E /* DiceGameUIView.swift */,
			);
			path = "Dice Game";
			sourceTree = "<group>";
		};
		4E26CDD525A4D2DF0069A40E /* Hack News */ = {
			isa = PBXGroup;
			children = (
				4E26CDDA25A4DA7A0069A40E /* Models */,
				4E26CDD725A4D5F10069A40E /* HackNews.swift */,
				4E26CDE225A4E3200069A40E /* DetailView.swift */,
				4E26CDE525A4E7C70069A40E /* WebView.swift */,
			);
			path = "Hack News";
			sourceTree = "<group>";
		};
		4E26CDDA25A4DA7A0069A40E /* Models */ = {
			isa = PBXGroup;
			children = (
				4E26CDDB25A4DAA80069A40E /* NetworkManager.swift */,
				4E26CDDF25A4DBFF0069A40E /* PostData.swift */,
			);
			path = Models;
			sourceTree = "<group>";
		};
		4EC433F925A376B600796A59 = {
			isa = PBXGroup;
			children = (
				4EC4340425A376B600796A59 /* LearnSwiftUI */,
				4EC4340325A376B600796A59 /* Products */,
			);
			sourceTree = "<group>";
		};
		4EC4340325A376B600796A59 /* Products */ = {
			isa = PBXGroup;
			children = (
				4EC4340225A376B600796A59 /* LearnSwiftUI.app */,
			);
			name = Products;
			sourceTree = "<group>";
		};
		4EC4340425A376B600796A59 /* LearnSwiftUI */ = {
			isa = PBXGroup;
			children = (
				4E26CDD525A4D2DF0069A40E /* Hack News */,
				4E26CDD025A4A8990069A40E /* Dice Game */,
				4E26CDC625A494F80069A40E /* BusinessCardView */,
				4E26CD9E25A3C95B0069A40E /* Fonts */,
				4EC4340525A376B600796A59 /* LearnSwiftUIApp.swift */,
				4EC4340725A376B600796A59 /* ContentView.swift */,
				4EC4340925A376BC00796A59 /* Assets.xcassets */,
				4EC4340E25A376BC00796A59 /* Info.plist */,
				4EC4340B25A376BC00796A59 /* Preview Content */,
			);
			path = LearnSwiftUI;
			sourceTree = "<group>";
		};
		4EC4340B25A376BC00796A59 /* Preview Content */ = {
			isa = PBXGroup;
			children = (
				4EC4340C25A376BC00796A59 /* Preview Assets.xcassets */,
			);
			path = "Preview Content";
			sourceTree = "<group>";
		};
/* End PBXGroup section */

/* Begin PBXNativeTarget section */
		4EC4340125A376B600796A59 /* LearnSwiftUI */ = {
			isa = PBXNativeTarget;
			buildConfigurationList = 4EC4341125A376BC00796A59 /* Build configuration list for PBXNativeTarget "LearnSwiftUI" */;
			buildPhases = (
				4EC433FE25A376B600796A59 /* Sources */,
				4EC433FF25A376B600796A59 /* Frameworks */,
				4EC4340025A376B600796A59 /* Resources */,
			);
			buildRules = (
			);
			dependencies = (
			);
			name = LearnSwiftUI;
			productName = LearnSwiftUI;
			productReference = 4EC4340225A376B600796A59 /* LearnSwiftUI.app */;
			productType = "com.apple.product-type.application";
		};
/* End PBXNativeTarget section */

/* Begin PBXProject section */
		4EC433FA25A376B600796A59 /* Project object */ = {
			isa = PBXProject;
			attributes = {
				LastSwiftUpdateCheck = 1220;
				LastUpgradeCheck = 1220;
				TargetAttributes = {
					4EC4340125A376B600796A59 = {
						CreatedOnToolsVersion = 12.2;
					};
				};
			};
			buildConfigurationList = 4EC433FD25A376B600796A59 /* Build configuration list for PBXProject "LearnSwiftUI" */;
			compatibilityVersion = "Xcode 9.3";
			developmentRegion = en;
			hasScannedForEncodings = 0;
			knownRegions = (
				en,
				Base,
			);
			mainGroup = 4EC433F925A376B600796A59;
			productRefGroup = 4EC4340325A376B600796A59 /* Products */;
			projectDirPath = "";
			projectRoot = "";
			targets = (
				4EC4340125A376B600796A59 /* LearnSwiftUI */,
			);
		};
/* End PBXProject section */

/* Begin PBXResourcesBuildPhase section */
		4EC4340025A376B600796A59 /* Resources */ = {
			isa = PBXResourcesBuildPhase;
			buildActionMask = 2147483647;
			files = (
				4EC4340D25A376BC00796A59 /* Preview Assets.xcassets in Resources */,
				4E26CDBA25A3D5520069A40E /* Comfortaa-VariableFont_wght.ttf in Resources */,
				4EC4340A25A376BC00796A59 /* Assets.xcassets in Resources */,
			);
			runOnlyForDeploymentPostprocessing = 0;
		};
/* End PBXResourcesBuildPhase section */

/* Begin PBXSourcesBuildPhase section */
		4EC433FE25A376B600796A59 /* Sources */ = {
			isa = PBXSourcesBuildPhase;
			buildActionMask = 2147483647;
			files = (
				4EC4340825A376B600796A59 /* ContentView.swift in Sources */,
				4E26CDE625A4E7C70069A40E /* WebView.swift in Sources */,
				4E26CDE325A4E3200069A40E /* DetailView.swift in Sources */,
				4E26CDE025A4DBFF0069A40E /* PostData.swift in Sources */,
				4E26CDD325A4AAEE0069A40E /* DiceGameUIView.swift in Sources */,
				4E26CDBF25A48E4B0069A40E /* InfoView.swift in Sources */,
				4E26CDDC25A4DAA80069A40E /* NetworkManager.swift in Sources */,
				4E26CDC325A491D10069A40E /* BusinessCardView.swift in Sources */,
				4EC4340625A376B600796A59 /* LearnSwiftUIApp.swift in Sources */,
				4E26CDD825A4D5F10069A40E /* HackNews.swift in Sources */,
			);
			runOnlyForDeploymentPostprocessing = 0;
		};
/* End PBXSourcesBuildPhase section */

/* Begin PBXVariantGroup section */
		4E26CDBC25A3D5520069A40E /* Comfortaa-VariableFont_wght.ttf */ = {
			isa = PBXVariantGroup;
			children = (
				4E26CDBB25A3D5520069A40E /* Base */,
			);
			name = "Comfortaa-VariableFont_wght.ttf";
			sourceTree = "<group>";
		};
/* End PBXVariantGroup section */

/* Begin XCBuildConfiguration section */
		4EC4340F25A376BC00796A59 /* Debug */ = {
			isa = XCBuildConfiguration;
			buildSettings = {
				ALWAYS_SEARCH_USER_PATHS = NO;
				CLANG_ANALYZER_NONNULL = YES;
				CLANG_ANALYZER_NUMBER_OBJECT_CONVERSION = YES_AGGRESSIVE;
				CLANG_CXX_LANGUAGE_STANDARD = "gnu++14";
				CLANG_CXX_LIBRARY = "libc++";
				CLANG_ENABLE_MODULES = YES;
				CLANG_ENABLE_OBJC_ARC = YES;
				CLANG_ENABLE_OBJC_WEAK = YES;
				CLANG_WARN_BLOCK_CAPTURE_AUTORELEASING = YES;
				CLANG_WARN_BOOL_CONVERSION = YES;
				CLANG_WARN_COMMA = YES;
				CLANG_WARN_CONSTANT_CONVERSION = YES;
				CLANG_WARN_DEPRECATED_OBJC_IMPLEMENTATIONS = YES;
				CLANG_WARN_DIRECT_OBJC_ISA_USAGE = YES_ERROR;
				CLANG_WARN_DOCUMENTATION_COMMENTS = YES;
				CLANG_WARN_EMPTY_BODY = YES;
				CLANG_WARN_ENUM_CONVERSION = YES;
				CLANG_WARN_INFINITE_RECURSION = YES;
				CLANG_WARN_INT_CONVERSION = YES;
				CLANG_WARN_NON_LITERAL_NULL_CONVERSION = YES;
				CLANG_WARN_OBJC_IMPLICIT_RETAIN_SELF = YES;
				CLANG_WARN_OBJC_LITERAL_CONVERSION = YES;
				CLANG_WARN_OBJC_ROOT_CLASS = YES_ERROR;
				CLANG_WARN_QUOTED_INCLUDE_IN_FRAMEWORK_HEADER = YES;
				CLANG_WARN_RANGE_LOOP_ANALYSIS = YES;
				CLANG_WARN_STRICT_PROTOTYPES = YES;
				CLANG_WARN_SUSPICIOUS_MOVE = YES;
				CLANG_WARN_UNGUARDED_AVAILABILITY = YES_AGGRESSIVE;
				CLANG_WARN_UNREACHABLE_CODE = YES;
				CLANG_WARN__DUPLICATE_METHOD_MATCH = YES;
				COPY_PHASE_STRIP = NO;
				DEBUG_INFORMATION_FORMAT = dwarf;
				ENABLE_STRICT_OBJC_MSGSEND = YES;
				ENABLE_TESTABILITY = YES;
				GCC_C_LANGUAGE_STANDARD = gnu11;
				GCC_DYNAMIC_NO_PIC = NO;
				GCC_NO_COMMON_BLOCKS = YES;
				GCC_OPTIMIZATION_LEVEL = 0;
				GCC_PREPROCESSOR_DEFINITIONS = (
					"DEBUG=1",
					"$(inherited)",
				);
				GCC_WARN_64_TO_32_BIT_CONVERSION = YES;
				GCC_WARN_ABOUT_RETURN_TYPE = YES_ERROR;
				GCC_WARN_UNDECLARED_SELECTOR = YES;
				GCC_WARN_UNINITIALIZED_AUTOS = YES_AGGRESSIVE;
				GCC_WARN_UNUSED_FUNCTION = YES;
				GCC_WARN_UNUSED_VARIABLE = YES;
				IPHONEOS_DEPLOYMENT_TARGET = 14.2;
				MTL_ENABLE_DEBUG_INFO = INCLUDE_SOURCE;
				MTL_FAST_MATH = YES;
				ONLY_ACTIVE_ARCH = YES;
				SDKROOT = iphoneos;
				SWIFT_ACTIVE_COMPILATION_CONDITIONS = DEBUG;
				SWIFT_OPTIMIZATION_LEVEL = "-Onone";
			};
			name = Debug;
		};
		4EC4341025A376BC00796A59 /* Release */ = {
			isa = XCBuildConfiguration;
			buildSettings = {
				ALWAYS_SEARCH_USER_PATHS = NO;
				CLANG_ANALYZER_NONNULL = YES;
				CLANG_ANALYZER_NUMBER_OBJECT_CONVERSION = YES_AGGRESSIVE;
				CLANG_CXX_LANGUAGE_STANDARD = "gnu++14";
				CLANG_CXX_LIBRARY = "libc++";
				CLANG_ENABLE_MODULES = YES;
				CLANG_ENABLE_OBJC_ARC = YES;
				CLANG_ENABLE_OBJC_WEAK = YES;
				CLANG_WARN_BLOCK_CAPTURE_AUTORELEASING = YES;
				CLANG_WARN_BOOL_CONVERSION = YES;
				CLANG_WARN_COMMA = YES;
				CLANG_WARN_CONSTANT_CONVERSION = YES;
				CLANG_WARN_DEPRECATED_OBJC_IMPLEMENTATIONS = YES;
				CLANG_WARN_DIRECT_OBJC_ISA_USAGE = YES_ERROR;
				CLANG_WARN_DOCUMENTATION_COMMENTS = YES;
				CLANG_WARN_EMPTY_BODY = YES;
				CLANG_WARN_ENUM_CONVERSION = YES;
				CLANG_WARN_INFINITE_RECURSION = YES;
				CLANG_WARN_INT_CONVERSION = YES;
				CLANG_WARN_NON_LITERAL_NULL_CONVERSION = YES;
				CLANG_WARN_OBJC_IMPLICIT_RETAIN_SELF = YES;
				CLANG_WARN_OBJC_LITERAL_CONVERSION = YES;
				CLANG_WARN_OBJC_ROOT_CLASS = YES_ERROR;
				CLANG_WARN_QUOTED_INCLUDE_IN_FRAMEWORK_HEADER = YES;
				CLANG_WARN_RANGE_LOOP_ANALYSIS = YES;
				CLANG_WARN_STRICT_PROTOTYPES = YES;
				CLANG_WARN_SUSPICIOUS_MOVE = YES;
				CLANG_WARN_UNGUARDED_AVAILABILITY = YES_AGGRESSIVE;
				CLANG_WARN_UNREACHABLE_CODE = YES;
				CLANG_WARN__DUPLICATE_METHOD_MATCH = YES;
				COPY_PHASE_STRIP = NO;
				DEBUG_INFORMATION_FORMAT = "dwarf-with-dsym";
				ENABLE_NS_ASSERTIONS = NO;
				ENABLE_STRICT_OBJC_MSGSEND = YES;
				GCC_C_LANGUAGE_STANDARD = gnu11;
				GCC_NO_COMMON_BLOCKS = YES;
				GCC_WARN_64_TO_32_BIT_CONVERSION = YES;
				GCC_WARN_ABOUT_RETURN_TYPE = YES_ERROR;
				GCC_WARN_UNDECLARED_SELECTOR = YES;
				GCC_WARN_UNINITIALIZED_AUTOS = YES_AGGRESSIVE;
				GCC_WARN_UNUSED_FUNCTION = YES;
				GCC_WARN_UNUSED_VARIABLE = YES;
				IPHONEOS_DEPLOYMENT_TARGET = 14.2;
				MTL_ENABLE_DEBUG_INFO = NO;
				MTL_FAST_MATH = YES;
				SDKROOT = iphoneos;
				SWIFT_COMPILATION_MODE = wholemodule;
				SWIFT_OPTIMIZATION_LEVEL = "-O";
				VALIDATE_PRODUCT = YES;
			};
			name = Release;
		};
		4EC4341225A376BC00796A59 /* Debug */ = {
			isa = XCBuildConfiguration;
			buildSettings = {
				ASSETCATALOG_COMPILER_APPICON_NAME = AppIcon;
				ASSETCATALOG_COMPILER_GLOBAL_ACCENT_COLOR_NAME = AccentColor;
				CODE_SIGN_STYLE = Automatic;
				DEVELOPMENT_ASSET_PATHS = "\"LearnSwiftUI/Preview Content\"";
				DEVELOPMENT_TEAM = V7GM8G5V55;
				ENABLE_PREVIEWS = YES;
				INFOPLIST_FILE = LearnSwiftUI/Info.plist;
				IPHONEOS_DEPLOYMENT_TARGET = 14.0;
				LD_RUNPATH_SEARCH_PATHS = (
					"$(inherited)",
					"@executable_path/Frameworks",
				);
				PRODUCT_BUNDLE_IDENTIFIER = com.joaovictoripiraja.LearnSwiftUI;
				PRODUCT_NAME = "$(TARGET_NAME)";
				SWIFT_VERSION = 5.0;
				TARGETED_DEVICE_FAMILY = "1,2";
			};
			name = Debug;
		};
		4EC4341325A376BC00796A59 /* Release */ = {
			isa = XCBuildConfiguration;
			buildSettings = {
				ASSETCATALOG_COMPILER_APPICON_NAME = AppIcon;
				ASSETCATALOG_COMPILER_GLOBAL_ACCENT_COLOR_NAME = AccentColor;
				CODE_SIGN_STYLE = Automatic;
				DEVELOPMENT_ASSET_PATHS = "\"LearnSwiftUI/Preview Content\"";
				DEVELOPMENT_TEAM = V7GM8G5V55;
				ENABLE_PREVIEWS = YES;
				INFOPLIST_FILE = LearnSwiftUI/Info.plist;
				IPHONEOS_DEPLOYMENT_TARGET = 14.0;
				LD_RUNPATH_SEARCH_PATHS = (
					"$(inherited)",
					"@executable_path/Frameworks",
				);
				PRODUCT_BUNDLE_IDENTIFIER = com.joaovictoripiraja.LearnSwiftUI;
				PRODUCT_NAME = "$(TARGET_NAME)";
				SWIFT_VERSION = 5.0;
				TARGETED_DEVICE_FAMILY = "1,2";
			};
			name = Release;
		};
/* End XCBuildConfiguration section */

/* Begin XCConfigurationList section */
		4EC433FD25A376B600796A59 /* Build configuration list for PBXProject "LearnSwiftUI" */ = {
			isa = XCConfigurationList;
			buildConfigurations = (
				4EC4340F25A376BC00796A59 /* Debug */,
				4EC4341025A376BC00796A59 /* Release */,
			);
			defaultConfigurationIsVisible = 0;
			defaultConfigurationName = Release;
		};
		4EC4341125A376BC00796A59 /* Build configuration list for PBXNativeTarget "LearnSwiftUI" */ = {
			isa = XCConfigurationList;
			buildConfigurations = (
				4EC4341225A376BC00796A59 /* Debug */,
				4EC4341325A376BC00796A59 /* Release */,
			);
			defaultConfigurationIsVisible = 0;
			defaultConfigurationName = Release;
		};
/* End XCConfigurationList section */
	};
	rootObject = 4EC433FA25A376B600796A59 /* Project object */;
}
